
Microsoft Visual Studio Solution File, Format Version 12.00
# Visual Studio Version 17
VisualStudioVersion = 17.0.32112.339
MinimumVisualStudioVersion = 10.0.40219.1
Project("{9A19103F-16F7-4668-BE54-9A1E7A4F7556}") = "AdventOfCode_1", "AdventOfCode_1\AdventOfCode_1.csproj", "{6B21ADA0-A532-48B1-B6FD-F20E65E62F16}"
EndProject
Project("{9A19103F-16F7-4668-BE54-9A1E7A4F7556}") = "AdventOfCode_2", "AdventOfCode_2\AdventOfCode_2.csproj", "{16156E4F-B0FE-4F1F-BA70-12B29E36E14D}"
EndProject
Project("{9A19103F-16F7-4668-BE54-9A1E7A4F7556}") = "AdventOfCode_3", "AdventOfCode_3\AdventOfCode_3.csproj", "{20DD79D2-8DAF-401F-986B-BD6570D50299}"
EndProject
Project("{9A19103F-16F7-4668-BE54-9A1E7A4F7556}") = "AdventOfCode_4", "AdventOfCode_4\AdventOfCode_4.csproj", "{298AC945-942E-4AF9-BF5C-FCE79240A795}"
EndProject
Project("{9A19103F-16F7-4668-BE54-9A1E7A4F7556}") = "AdventOfCode_5", "AdventOfCode_5\AdventOfCode_5.csproj", "{EB78D1B3-381B-4022-B9BA-E4220A6F17F5}"
EndProject
Project("{9A19103F-16F7-4668-BE54-9A1E7A4F7556}") = "AdventOfCode_6", "AdventOfCode_6\AdventOfCode_6.csproj", "{537CCB83-552C-40F6-ACF1-A9627571E413}"
EndProject
Project("{9A19103F-16F7-4668-BE54-9A1E7A4F7556}") = "AdventOfCode_7", "AdventOfCode_7\AdventOfCode_7.csproj", "{1CA52AE9-90FB-47CC-AFEC-C995F2976D25}"
EndProject
Project("{9A19103F-16F7-4668-BE54-9A1E7A4F7556}") = "AdventOfCode_8", "AdventOfCode_8\AdventOfCode_8.csproj", "{B011EFF8-5622-4253-A185-53AFE8FB7941}"
EndProject
Project("{9A19103F-16F7-4668-BE54-9A1E7A4F7556}") = "AdventOfCode_9", "AdventOfCode_9\AdventOfCode_9.csproj", "{07DAF081-5933-4B6A-8081-5C0E0C27D891}"
EndProject
Project("{9A19103F-16F7-4668-BE54-9A1E7A4F7556}") = "AdventOfCode_10", "AdventOfCode_10\AdventOfCode_10.csproj", "{94C30B02-48DC-4571-B1A1-425399B07E21}"
EndProject
Project("{9A19103F-16F7-4668-BE54-9A1E7A4F7556}") = "AdventOfCode_11", "AdventOfCode_11\AdventOfCode_11.csproj", "{9A386797-1196-4A62-9AFD-374B070C8EF4}"
EndProject
Project("{FAE04EC0-301F-11D3-BF4B-00C04F79EFBC}") = "AdventOfCode_12", "AdventOfCode_12\AdventOfCode_12.csproj", "{72D4D2BA-88D1-4923-BF7F-B3E736E7606E}"
EndProject
Global
	GlobalSection(SolutionConfigurationPlatforms) = preSolution
		Debug|Any CPU = Debug|Any CPU
		Release|Any CPU = Release|Any CPU
	EndGlobalSection
	GlobalSection(ProjectConfigurationPlatforms) = postSolution
		{6B21ADA0-A532-48B1-B6FD-F20E65E62F16}.Debug|Any CPU.ActiveCfg = Debug|Any CPU
		{6B21ADA0-A532-48B1-B6FD-F20E65E62F16}.Debug|Any CPU.Build.0 = Debug|Any CPU
		{6B21ADA0-A532-48B1-B6FD-F20E65E62F16}.Release|Any CPU.ActiveCfg = Release|Any CPU
		{6B21ADA0-A532-48B1-B6FD-F20E65E62F16}.Release|Any CPU.Build.0 = Release|Any CPU
		{16156E4F-B0FE-4F1F-BA70-12B29E36E14D}.Debug|Any CPU.ActiveCfg = Debug|Any CPU
		{16156E4F-B0FE-4F1F-BA70-12B29E36E14D}.Debug|Any CPU.Build.0 = Debug|Any CPU
		{16156E4F-B0FE-4F1F-BA70-12B29E36E14D}.Release|Any CPU.ActiveCfg = Release|Any CPU
		{16156E4F-B0FE-4F1F-BA70-12B29E36E14D}.Release|Any CPU.Build.0 = Release|Any CPU
		{20DD79D2-8DAF-401F-986B-BD6570D50299}.Debug|Any CPU.ActiveCfg = Debug|Any CPU
		{20DD79D2-8DAF-401F-986B-BD6570D50299}.Debug|Any CPU.Build.0 = Debug|Any CPU
		{20DD79D2-8DAF-401F-986B-BD6570D50299}.Release|Any CPU.ActiveCfg = Release|Any CPU
		{20DD79D2-8DAF-401F-986B-BD6570D50299}.Release|Any CPU.Build.0 = Release|Any CPU
		{298AC945-942E-4AF9-BF5C-FCE79240A795}.Debug|Any CPU.ActiveCfg = Debug|Any CPU
		{298AC945-942E-4AF9-BF5C-FCE79240A795}.Debug|Any CPU.Build.0 = Debug|Any CPU
		{298AC945-942E-4AF9-BF5C-FCE79240A795}.Release|Any CPU.ActiveCfg = Release|Any CPU
		{298AC945-942E-4AF9-BF5C-FCE79240A795}.Release|Any CPU.Build.0 = Release|Any CPU
		{EB78D1B3-381B-4022-B9BA-E4220A6F17F5}.Debug|Any CPU.ActiveCfg = Debug|Any CPU
		{EB78D1B3-381B-4022-B9BA-E4220A6F17F5}.Debug|Any CPU.Build.0 = Debug|Any CPU
		{EB78D1B3-381B-4022-B9BA-E4220A6F17F5}.Release|Any CPU.ActiveCfg = Release|Any CPU
		{EB78D1B3-381B-4022-B9BA-E4220A6F17F5}.Release|Any CPU.Build.0 = Release|Any CPU
		{537CCB83-552C-40F6-ACF1-A9627571E413}.Debug|Any CPU.ActiveCfg = Debug|Any CPU
		{537CCB83-552C-40F6-ACF1-A9627571E413}.Debug|Any CPU.Build.0 = Debug|Any CPU
		{537CCB83-552C-40F6-ACF1-A9627571E413}.Release|Any CPU.ActiveCfg = Release|Any CPU
		{537CCB83-552C-40F6-ACF1-A9627571E413}.Release|Any CPU.Build.0 = Release|Any CPU
		{1CA52AE9-90FB-47CC-AFEC-C995F2976D25}.Debug|Any CPU.ActiveCfg = Debug|Any CPU
		{1CA52AE9-90FB-47CC-AFEC-C995F2976D25}.Debug|Any CPU.Build.0 = Debug|Any CPU
		{1CA52AE9-90FB-47CC-AFEC-C995F2976D25}.Release|Any CPU.ActiveCfg = Release|Any CPU
		{1CA52AE9-90FB-47CC-AFEC-C995F2976D25}.Release|Any CPU.Build.0 = Release|Any CPU
		{B011EFF8-5622-4253-A185-53AFE8FB7941}.Debug|Any CPU.ActiveCfg = Debug|Any CPU
		{B011EFF8-5622-4253-A185-53AFE8FB7941}.Debug|Any CPU.Build.0 = Debug|Any CPU
		{B011EFF8-5622-4253-A185-53AFE8FB7941}.Release|Any CPU.ActiveCfg = Release|Any CPU
		{B011EFF8-5622-4253-A185-53AFE8FB7941}.Release|Any CPU.Build.0 = Release|Any CPU
		{07DAF081-5933-4B6A-8081-5C0E0C27D891}.Debug|Any CPU.ActiveCfg = Debug|Any CPU
		{07DAF081-5933-4B6A-8081-5C0E0C27D891}.Debug|Any CPU.Build.0 = Debug|Any CPU
		{07DAF081-5933-4B6A-8081-5C0E0C27D891}.Release|Any CPU.ActiveCfg = Release|Any CPU
		{07DAF081-5933-4B6A-8081-5C0E0C27D891}.Release|Any CPU.Build.0 = Release|Any CPU
		{94C30B02-48DC-4571-B1A1-425399B07E21}.Debug|Any CPU.ActiveCfg = Debug|Any CPU
		{94C30B02-48DC-4571-B1A1-425399B07E21}.Debug|Any CPU.Build.0 = Debug|Any CPU
		{94C30B02-48DC-4571-B1A1-425399B07E21}.Release|Any CPU.ActiveCfg = Release|Any CPU
		{94C30B02-48DC-4571-B1A1-425399B07E21}.Release|Any CPU.Build.0 = Release|Any CPU
		{9A386797-1196-4A62-9AFD-374B070C8EF4}.Debug|Any CPU.ActiveCfg = Debug|Any CPU
		{9A386797-1196-4A62-9AFD-374B070C8EF4}.Debug|Any CPU.Build.0 = Debug|Any CPU
		{9A386797-1196-4A62-9AFD-374B070C8EF4}.Release|Any CPU.ActiveCfg = Release|Any CPU
		{9A386797-1196-4A62-9AFD-374B070C8EF4}.Release|Any CPU.Build.0 = Release|Any CPU
		{72D4D2BA-88D1-4923-BF7F-B3E736E7606E}.Debug|Any CPU.ActiveCfg = Debug|Any CPU
		{72D4D2BA-88D1-4923-BF7F-B3E736E7606E}.Debug|Any CPU.Build.0 = Debug|Any CPU
		{72D4D2BA-88D1-4923-BF7F-B3E736E7606E}.Release|Any CPU.ActiveCfg = Release|Any CPU
		{72D4D2BA-88D1-4923-BF7F-B3E736E7606E}.Release|Any CPU.Build.0 = Release|Any CPU
	EndGlobalSection
	GlobalSection(SolutionProperties) = preSolution
		HideSolutionNode = FALSE
	EndGlobalSection
	GlobalSection(ExtensibilityGlobals) = postSolution
		SolutionGuid = {88458761-2A70-4D7F-9CFD-5A514BF47F38}
	EndGlobalSection
EndGlobal
